{
    "_readme": [
        "This file locks the dependencies of your project to a known state",
        "Read more about it at http://getcomposer.org/doc/01-basic-usage.md#composer-lock-the-lock-file"
    ],
    "hash": "d4c56935ef2d8578ba9c3b366827f567",
    "packages": [
        {
            "name": "drahak/oauth2",
            "version": "dev-master",
            "source": {
                "type": "git",
                "url": "https://github.com/drahak/OAuth2.git",
                "reference": "1617df43b77f7dfbdfb31820e2859011c129bed8"
            },
            "dist": {
                "type": "zip",
                "url": "https://api.github.com/repos/drahak/OAuth2/zipball/1617df43b77f7dfbdfb31820e2859011c129bed8",
                "reference": "1617df43b77f7dfbdfb31820e2859011c129bed8",
                "shasum": ""
            },
            "require": {
                "nette/nette": "@dev",
                "php": ">= 5.3.0"
            },
            "require-dev": {
                "janmarek/mockista": "dev-master",
                "nette/tester": "dev-master"
            },
            "type": "library",
            "autoload": {
                "psr-0": {
                    "Drahak\\OAuth2": "src/"
                },
                "classmap": [
                    "src/Drahak/OAuth2/exceptions.php",
                    "src/Drahak/OAuth2/Grant/exceptions.php",
                    "src/Drahak/OAuth2/Token/exceptions.php"
                ]
            },
            "notification-url": "https://packagist.org/downloads/",
            "license": [
                "BSD-3-Clause",
                "GPL-2.0",
                "GPL-3.0"
            ],
            "authors": [
                {
                    "name": "Drahomír Hanák",
                    "homepage": "http://www.drahak.eu"
                }
            ],
            "description": "Nette OAuth2 Provider bundle",
            "homepage": "http://www.drahak.eu",
            "keywords": [
                "drahak",
                "nette",
                "oauth2",
                "provider",
                "server"
            ],
            "time": "2013-06-15 17:01:33"
        },
        {
            "name": "nette/nette",
            "version": "dev-master",
            "source": {
                "type": "git",
                "url": "https://github.com/nette/nette.git",
                "reference": "edd9943f48bc20150d5cb9882f3586a7f7ee0746"
            },
            "dist": {
                "type": "zip",
                "url": "https://api.github.com/repos/nette/nette/zipball/edd9943f48bc20150d5cb9882f3586a7f7ee0746",
                "reference": "edd9943f48bc20150d5cb9882f3586a7f7ee0746",
                "shasum": ""
            },
            "require": {
                "ext-iconv": "*",
                "ext-tokenizer": "*",
                "php": ">=5.3.0"
            },
            "require-dev": {
                "nette/tester": "@dev"
            },
            "suggest": {
                "ext-fileinfo": "*",
                "ext-gd": "*",
                "ext-mbstring": "*",
                "ext-memcache": "*",
                "ext-pdo": "*"
            },
            "type": "library",
            "extra": {
                "branch-alias": {
                    "dev-master": "2.1-dev"
                }
            },
            "autoload": {
                "files": [
                    "Nette/loader.php"
                ]
            },
            "notification-url": "https://packagist.org/downloads/",
            "license": [
                "BSD-3-Clause",
                "GPL-2.0",
                "GPL-3.0"
            ],
            "authors": [
                {
                    "name": "David Grudl",
                    "homepage": "http://davidgrudl.com"
                },
                {
                    "name": "Nette Community",
                    "homepage": "http://nette.org/contributors"
                }
            ],
            "description": "Nette Framework - innovative framework for fast and easy development of secured web applications in PHP. Write less, have cleaner code and your work will bring you joy.",
            "homepage": "http://nette.org",
            "keywords": [
                "Forms",
                "database",
                "dbal",
                "debugging",
                "framework",
                "images",
                "latte",
                "mailing",
                "micro",
                "mvc",
                "neon",
                "templating"
            ],
            "time": "2013-06-13 23:57:35"
        }
    ],
    "packages-dev": [
        {
            "name": "janmarek/mockista",
            "version": "dev-master",
            "source": {
                "type": "git",
                "url": "https://github.com/janmarek/mockista.git",
                "reference": "e53eb003525f57b3cd3c48b5630a898b5a078251"
            },
            "dist": {
                "type": "zip",
                "url": "https://api.github.com/repos/janmarek/mockista/zipball/e53eb003525f57b3cd3c48b5630a898b5a078251",
                "reference": "e53eb003525f57b3cd3c48b5630a898b5a078251",
                "shasum": ""
            },
            "type": "library",
            "autoload": {
                "psr-0": {
                    "Mockista": ""
                },
                "files": [
                    "Mockista/functions.php"
                ]
            },
            "notification-url": "https://packagist.org/downloads/",
            "license": [
                "BSD-3-Clause"
            ],
            "authors": [
                {
                    "name": "Jan Marek",
                    "email": "mail@janmarek.net",
                    "homepage": "http://www.janmarek.net/",
                    "role": "Author"
                },
                {
                    "name": "Jiří Knesl",
                    "homepage": "http://www.knesl.com/"
                }
            ],
            "description": "Mockista is library for mocking, which I've written, because I find mocking in PHPUnit awful.",
            "homepage": "http://www.mockista.com/",
            "keywords": [
                "BDD",
                "TDD",
                "mock",
                "mocking",
                "mockista",
                "phpunit",
                "testing",
                "tests"
            ],
            "time": "2013-02-25 22:33:22"
        },
        {
            "name": "nette/tester",
            "version": "dev-master",
            "source": {
                "type": "git",
                "url": "https://github.com/nette/tester.git",
                "reference": "7ff0af99a7bf7b7fb4577d2094ecc3b87e286ba3"
            },
            "dist": {
                "type": "zip",
                "url": "https://api.github.com/repos/nette/tester/zipball/7ff0af99a7bf7b7fb4577d2094ecc3b87e286ba3",
                "reference": "7ff0af99a7bf7b7fb4577d2094ecc3b87e286ba3",
                "shasum": ""
            },
            "require": {
                "php": ">=5.3.0"
            },
            "bin": [
                "Tester/tester"
            ],
            "type": "library",
            "autoload": {
                "classmap": [
                    "Tester/"
                ]
            },
            "notification-url": "https://packagist.org/downloads/",
            "license": [
                "BSD-3-Clause",
                "GPL-2.0",
                "GPL-3.0"
            ],
            "authors": [
                {
                    "name": "David Grudl",
                    "homepage": "http://davidgrudl.com"
                },
                {
                    "name": "Nette Community",
                    "homepage": "http://nette.org/contributors"
                }
            ],
            "description": "An easy-to-use PHP Unit Testing framework.",
            "homepage": "http://nette.org",
            "keywords": [
                "nette",
                "testing",
                "unit"
            ],
            "time": "2013-06-14 00:03:49"
        }
    ],
    "aliases": [

    ],
    "minimum-stability": "stable",
    "stability-flags": {
        "nette/nette": 20,
        "drahak/oauth2": 20,
        "nette/tester": 20,
        "janmarek/mockista": 20
    },
    "platform": {
        "php": ">= 5.3.0"
    },
    "platform-dev": [

    ]
}
